// !$*UTF8*$!
{
	archiveVersion = 1;
	classes = {
	};
	objectVersion = 46;
	objects = {

/* Begin PBXBuildFile section */
		1A1484701D8EC5DF004A2A7F /* AppDelegate.swift in Sources */ = {isa = PBXBuildFile; fileRef = 1A14846F1D8EC5DF004A2A7F /* AppDelegate.swift */; };
		1A1484721D8EC5DF004A2A7F /* ViewController.swift in Sources */ = {isa = PBXBuildFile; fileRef = 1A1484711D8EC5DF004A2A7F /* ViewController.swift */; };
		1A1484751D8EC5DF004A2A7F /* Main.storyboard in Resources */ = {isa = PBXBuildFile; fileRef = 1A1484731D8EC5DF004A2A7F /* Main.storyboard */; };
		1A1484771D8EC5DF004A2A7F /* Assets.xcassets in Resources */ = {isa = PBXBuildFile; fileRef = 1A1484761D8EC5DF004A2A7F /* Assets.xcassets */; };
		1A14847A1D8EC5DF004A2A7F /* LaunchScreen.storyboard in Resources */ = {isa = PBXBuildFile; fileRef = 1A1484781D8EC5DF004A2A7F /* LaunchScreen.storyboard */; };
		1A1484831D8EC67A004A2A7F /* sensors.m in Sources */ = {isa = PBXBuildFile; fileRef = 1A1484821D8EC67A004A2A7F /* sensors.m */; };
		1A3A05C51DD45E84002B8E74 /* IOKit.framework in Frameworks */ = {isa = PBXBuildFile; fileRef = 1A1484851D8EC82C004A2A7F /* IOKit.framework */; };
/* End PBXBuildFile section */

/* Begin PBXFileReference section */
		1A14846C1D8EC5DF004A2A7F /* sensors.app */ = {isa = PBXFileReference; explicitFileType = wrapper.application; includeInIndex = 0; path = sensors.app; sourceTree = BUILT_PRODUCTS_DIR; };
		1A14846F1D8EC5DF004A2A7F /* AppDelegate.swift */ = {isa = PBXFileReference; lastKnownFileType = sourcecode.swift; path = AppDelegate.swift; sourceTree = "<group>"; };
		1A1484711D8EC5DF004A2A7F /* ViewController.swift */ = {isa = PBXFileReference; lastKnownFileType = sourcecode.swift; path = ViewController.swift; sourceTree = "<group>"; };
		1A1484741D8EC5DF004A2A7F /* Base */ = {isa = PBXFileReference; lastKnownFileType = file.storyboard; name = Base; path = Base.lproj/Main.storyboard; sourceTree = "<group>"; };
		1A1484761D8EC5DF004A2A7F /* Assets.xcassets */ = {isa = PBXFileReference; lastKnownFileType = folder.assetcatalog; path = Assets.xcassets; sourceTree = "<group>"; };
		1A1484791D8EC5DF004A2A7F /* Base */ = {isa = PBXFileReference; lastKnownFileType = file.storyboard; name = Base; path = Base.lproj/LaunchScreen.storyboard; sourceTree = "<group>"; };
		1A14847B1D8EC5DF004A2A7F /* Info.plist */ = {isa = PBXFileReference; lastKnownFileType = text.plist.xml; path = Info.plist; sourceTree = "<group>"; };
		1A1484811D8EC679004A2A7F /* sensors-Bridging-Header.h */ = {isa = PBXFileReference; lastKnownFileType = sourcecode.c.h; path = "sensors-Bridging-Header.h"; sourceTree = "<group>"; };
		1A1484821D8EC67A004A2A7F /* sensors.m */ = {isa = PBXFileReference; fileEncoding = 4; lastKnownFileType = sourcecode.c.objc; path = sensors.m; sourceTree = "<group>"; };
		1A1484851D8EC82C004A2A7F /* IOKit.framework */ = {isa = PBXFileReference; lastKnownFileType = wrapper.framework; name = IOKit.framework; path = Platforms/iPhoneOS.platform/Developer/SDKs/iPhoneOS.sdk/System/Library/Frameworks/IOKit.framework; sourceTree = DEVELOPER_DIR; };
/* End PBXFileReference section */

/* Begin PBXFrameworksBuildPhase section */
		1A1484691D8EC5DF004A2A7F /* Frameworks */ = {
			isa = PBXFrameworksBuildPhase;
			buildActionMask = 2147483647;
			files = (
				1A3A05C51DD45E84002B8E74 /* IOKit.framework in Frameworks */,
			);
			runOnlyForDeploymentPostprocessing = 0;
		};
/* End PBXFrameworksBuildPhase section */

/* Begin PBXGroup section */
		1A1484631D8EC5DF004A2A7F = {
			isa = PBXGroup;
			children = (
				1A14846E1D8EC5DF004A2A7F /* sensors */,
				1A14846D1D8EC5DF004A2A7F /* Products */,
				1A1484841D8EC82C004A2A7F /* Frameworks */,
			);
			sourceTree = "<group>";
		};
		1A14846D1D8EC5DF004A2A7F /* Products */ = {
			isa = PBXGroup;
			children = (
				1A14846C1D8EC5DF004A2A7F /* sensors.app */,
			);
			name = Products;
			sourceTree = "<group>";
		};
		1A14846E1D8EC5DF004A2A7F /* sensors */ = {
			isa = PBXGroup;
			children = (
				1A1484821D8EC67A004A2A7F /* sensors.m */,
				1A14846F1D8EC5DF004A2A7F /* AppDelegate.swift */,
				1A1484711D8EC5DF004A2A7F /* ViewController.swift */,
				1A1484731D8EC5DF004A2A7F /* Main.storyboard */,
				1A1484761D8EC5DF004A2A7F /* Assets.xcassets */,
				1A1484781D8EC5DF004A2A7F /* LaunchScreen.storyboard */,
				1A14847B1D8EC5DF004A2A7F /* Info.plist */,
				1A1484811D8EC679004A2A7F /* sensors-Bridging-Header.h */,
			);
			path = sensors;
			sourceTree = "<group>";
		};
		1A1484841D8EC82C004A2A7F /* Frameworks */ = {
			isa = PBXGroup;
			children = (
				1A1484851D8EC82C004A2A7F /* IOKit.framework */,
			);
			name = Frameworks;
			sourceTree = "<group>";
		};
/* End PBXGroup section */

/* Begin PBXNativeTarget section */
		1A14846B1D8EC5DF004A2A7F /* sensors */ = {
			isa = PBXNativeTarget;
			buildConfigurationList = 1A14847E1D8EC5DF004A2A7F /* Build configuration list for PBXNativeTarget "sensors" */;
			buildPhases = (
				1A1484681D8EC5DF004A2A7F /* Sources */,
				1A1484691D8EC5DF004A2A7F /* Frameworks */,
				1A14846A1D8EC5DF004A2A7F /* Resources */,
			);
			buildRules = (
			);
			dependencies = (
			);
			name = sensors;
			productName = sensors;
			productReference = 1A14846C1D8EC5DF004A2A7F /* sensors.app */;
			productType = "com.apple.product-type.application";
		};
/* End PBXNativeTarget section */

/* Begin PBXProject section */
		1A1484641D8EC5DF004A2A7F /* Project object */ = {
			isa = PBXProject;
			attributes = {
				LastSwiftUpdateCheck = 0800;
				LastUpgradeCheck = 1120;
				ORGANIZATIONNAME = MediaTek;
				TargetAttributes = {
					1A14846B1D8EC5DF004A2A7F = {
						CreatedOnToolsVersion = 8.0;
						DevelopmentTeam = PG35EX39B6;
						LastSwiftMigration = 1120;
						ProvisioningStyle = Automatic;
					};
				};
			};
			buildConfigurationList = 1A1484671D8EC5DF004A2A7F /* Build configuration list for PBXProject "sensors" */;
			compatibilityVersion = "Xcode 3.2";
			developmentRegion = en;
			hasScannedForEncodings = 0;
			knownRegions = (
				en,
				Base,
			);
			mainGroup = 1A1484631D8EC5DF004A2A7F;
			productRefGroup = 1A14846D1D8EC5DF004A2A7F /* Products */;
			projectDirPath = "";
			projectRoot = "";
			targets = (
				1A14846B1D8EC5DF004A2A7F /* sensors */,
			);
		};
/* End PBXProject section */

/* Begin PBXResourcesBuildPhase section */
		1A14846A1D8EC5DF004A2A7F /* Resources */ = {
			isa = PBXResourcesBuildPhase;
			buildActionMask = 2147483647;
			files = (
				1A14847A1D8EC5DF004A2A7F /* LaunchScreen.storyboard in Resources */,
				1A1484771D8EC5DF004A2A7F /* Assets.xcassets in Resources */,
				1A1484751D8EC5DF004A2A7F /* Main.storyboard in Resources */,
			);
			runOnlyForDeploymentPostprocessing = 0;
		};
/* End PBXResourcesBuildPhase section */

/* Begin PBXSourcesBuildPhase section */
		1A1484681D8EC5DF004A2A7F /* Sources */ = {
			isa = PBXSourcesBuildPhase;
			buildActionMask = 2147483647;
			files = (
				1A1484721D8EC5DF004A2A7F /* ViewController.swift in Sources */,
				1A1484831D8EC67A004A2A7F /* sensors.m in Sources */,
				1A1484701D8EC5DF004A2A7F /* AppDelegate.swift in Sources */,
			);
			runOnlyForDeploymentPostprocessing = 0;
		};
/* End PBXSourcesBuildPhase section */

/* Begin PBXVariantGroup section */
		1A1484731D8EC5DF004A2A7F /* Main.storyboard */ = {
			isa = PBXVariantGroup;
			children = (
				1A1484741D8EC5DF004A2A7F /* Base */,
			);
			name = Main.storyboard;
			sourceTree = "<group>";
		};
		1A1484781D8EC5DF004A2A7F /* LaunchScreen.storyboard */ = {
			isa = PBXVariantGroup;
			children = (
				1A1484791D8EC5DF004A2A7F /* Base */,
			);
			name = LaunchScreen.storyboard;
			sourceTree = "<group>";
		};
/* End PBXVariantGroup section */

/* Begin XCBuildConfiguration section */
		1A14847C1D8EC5DF004A2A7F /* Debug */ = {
			isa = XCBuildConfiguration;
			buildSettings = {
				ALWAYS_SEARCH_USER_PATHS = NO;
				CLANG_ANALYZER_NONNULL = YES;
				CLANG_CXX_LANGUAGE_STANDARD = "gnu++0x";
				CLANG_CXX_LIBRARY = "libc++";
				CLANG_ENABLE_MODULES = YES;
				CLANG_ENABLE_OBJC_ARC = YES;
				CLANG_WARN_BLOCK_CAPTURE_AUTORELEASING = YES;
				CLANG_WARN_BOOL_CONVERSION = YES;
				CLANG_WARN_COMMA = YES;
				CLANG_WARN_CONSTANT_CONVERSION = YES;
				CLANG_WARN_DEPRECATED_OBJC_IMPLEMENTATIONS = YES;
				CLANG_WARN_DIRECT_OBJC_ISA_USAGE = YES_ERROR;
				CLANG_WARN_DOCUMENTATION_COMMENTS = YES;
				CLANG_WARN_EMPTY_BODY = YES;
				CLANG_WARN_ENUM_CONVERSION = YES;
				CLANG_WARN_INFINITE_RECURSION = YES;
				CLANG_WARN_INT_CONVERSION = YES;
				CLANG_WARN_NON_LITERAL_NULL_CONVERSION = YES;
				CLANG_WARN_OBJC_IMPLICIT_RETAIN_SELF = YES;
				CLANG_WARN_OBJC_LITERAL_CONVERSION = YES;
				CLANG_WARN_OBJC_ROOT_CLASS = YES_ERROR;
				CLANG_WARN_RANGE_LOOP_ANALYSIS = YES;
				CLANG_WARN_STRICT_PROTOTYPES = YES;
				CLANG_WARN_SUSPICIOUS_MOVE = YES;
				CLANG_WARN_SUSPICIOUS_MOVES = YES;
				CLANG_WARN_UNREACHABLE_CODE = YES;
				CLANG_WARN__DUPLICATE_METHOD_MATCH = YES;
				"CODE_SIGN_IDENTITY[sdk=iphoneos*]" = "iPhone Developer";
				COPY_PHASE_STRIP = NO;
				DEBUG_INFORMATION_FORMAT = dwarf;
				ENABLE_STRICT_OBJC_MSGSEND = YES;
				ENABLE_TESTABILITY = YES;
				GCC_C_LANGUAGE_STANDARD = gnu99;
				GCC_DYNAMIC_NO_PIC = NO;
				GCC_NO_COMMON_BLOCKS = YES;
				GCC_OPTIMIZATION_LEVEL = 0;
				GCC_PREPROCESSOR_DEFINITIONS = (
					"DEBUG=1",
					"$(inherited)",
				);
				GCC_WARN_64_TO_32_BIT_CONVERSION = YES;
				GCC_WARN_ABOUT_RETURN_TYPE = YES_ERROR;
				GCC_WARN_UNDECLARED_SELECTOR = YES;
				GCC_WARN_UNINITIALIZED_AUTOS = YES_AGGRESSIVE;
				GCC_WARN_UNUSED_FUNCTION = YES;
				GCC_WARN_UNUSED_VARIABLE = YES;
				HEADER_SEARCH_PATHS = "/Users/freedom/work/sensors/sensors/\n";
				IPHONEOS_DEPLOYMENT_TARGET = 9.3;
				MTL_ENABLE_DEBUG_INFO = YES;
				ONLY_ACTIVE_ARCH = YES;
				SDKROOT = iphoneos;
				SWIFT_ACTIVE_COMPILATION_CONDITIONS = DEBUG;
				SWIFT_OPTIMIZATION_LEVEL = "-Onone";
				TARGETED_DEVICE_FAMILY = "1,2";
			};
			name = Debug;
		};
		1A14847D1D8EC5DF004A2A7F /* Release */ = {
			isa = XCBuildConfiguration;
			buildSettings = {
				ALWAYS_SEARCH_USER_PATHS = NO;
				CLANG_ANALYZER_NONNULL = YES;
				CLANG_CXX_LANGUAGE_STANDARD = "gnu++0x";
				CLANG_CXX_LIBRARY = "libc++";
				CLANG_ENABLE_MODULES = YES;
				CLANG_ENABLE_OBJC_ARC = YES;
				CLANG_WARN_BLOCK_CAPTURE_AUTORELEASING = YES;
				CLANG_WARN_BOOL_CONVERSION = YES;
				CLANG_WARN_COMMA = YES;
				CLANG_WARN_CONSTANT_CONVERSION = YES;
				CLANG_WARN_DEPRECATED_OBJC_IMPLEMENTATIONS = YES;
				CLANG_WARN_DIRECT_OBJC_ISA_USAGE = YES_ERROR;
				CLANG_WARN_DOCUMENTATION_COMMENTS = YES;
				CLANG_WARN_EMPTY_BODY = YES;
				CLANG_WARN_ENUM_CONVERSION = YES;
				CLANG_WARN_INFINITE_RECURSION = YES;
				CLANG_WARN_INT_CONVERSION = YES;
				CLANG_WARN_NON_LITERAL_NULL_CONVERSION = YES;
				CLANG_WARN_OBJC_IMPLICIT_RETAIN_SELF = YES;
				CLANG_WARN_OBJC_LITERAL_CONVERSION = YES;
				CLANG_WARN_OBJC_ROOT_CLASS = YES_ERROR;
				CLANG_WARN_RANGE_LOOP_ANALYSIS = YES;
				CLANG_WARN_STRICT_PROTOTYPES = YES;
				CLANG_WARN_SUSPICIOUS_MOVE = YES;
				CLANG_WARN_SUSPICIOUS_MOVES = YES;
				CLANG_WARN_UNREACHABLE_CODE = YES;
				CLANG_WARN__DUPLICATE_METHOD_MATCH = YES;
				"CODE_SIGN_IDENTITY[sdk=iphoneos*]" = "iPhone Developer";
				COPY_PHASE_STRIP = NO;
				DEBUG_INFORMATION_FORMAT = "dwarf-with-dsym";
				ENABLE_NS_ASSERTIONS = NO;
				ENABLE_STRICT_OBJC_MSGSEND = YES;
				GCC_C_LANGUAGE_STANDARD = gnu99;
				GCC_NO_COMMON_BLOCKS = YES;
				GCC_WARN_64_TO_32_BIT_CONVERSION = YES;
				GCC_WARN_ABOUT_RETURN_TYPE = YES_ERROR;
				GCC_WARN_UNDECLARED_SELECTOR = YES;
				GCC_WARN_UNINITIALIZED_AUTOS = YES_AGGRESSIVE;
				GCC_WARN_UNUSED_FUNCTION = YES;
				GCC_WARN_UNUSED_VARIABLE = YES;
				HEADER_SEARCH_PATHS = "/Users/freedom/work/sensors/sensors/\n";
				IPHONEOS_DEPLOYMENT_TARGET = 9.3;
				MTL_ENABLE_DEBUG_INFO = NO;
				SDKROOT = iphoneos;
				SWIFT_OPTIMIZATION_LEVEL = "-Owholemodule";
				TARGETED_DEVICE_FAMILY = "1,2";
				VALIDATE_PRODUCT = YES;
			};
			name = Release;
		};
		1A14847F1D8EC5DF004A2A7F /* Debug */ = {
			isa = XCBuildConfiguration;
			buildSettings = {
				ASSETCATALOG_COMPILER_APPICON_NAME = AppIcon;
				CLANG_ENABLE_MODULES = YES;
				DEVELOPMENT_TEAM = PG35EX39B6;
				HEADER_SEARCH_PATHS = "";
				INFOPLIST_FILE = sensors/Info.plist;
				LD_RUNPATH_SEARCH_PATHS = "$(inherited) @executable_path/Frameworks";
				PRODUCT_BUNDLE_IDENTIFIER = com.mediatek.sensors;
				PRODUCT_NAME = "$(TARGET_NAME)";
				SWIFT_OBJC_BRIDGING_HEADER = "sensors/sensors-Bridging-Header.h";
				SWIFT_OPTIMIZATION_LEVEL = "-Onone";
				SWIFT_SWIFT3_OBJC_INFERENCE = Default;
				SWIFT_VERSION = 5.0;
			};
			name = Debug;
		};
		1A1484801D8EC5DF004A2A7F /* Release */ = {
			isa = XCBuildConfiguration;
			buildSettings = {
				ASSETCATALOG_COMPILER_APPICON_NAME = AppIcon;
				CLANG_ENABLE_MODULES = YES;
				DEVELOPMENT_TEAM = PG35EX39B6;
				HEADER_SEARCH_PATHS = "";
				INFOPLIST_FILE = sensors/Info.plist;
				LD_RUNPATH_SEARCH_PATHS = "$(inherited) @executable_path/Frameworks";
				PRODUCT_BUNDLE_IDENTIFIER = com.mediatek.sensors;
				PRODUCT_NAME = "$(TARGET_NAME)";
				SWIFT_OBJC_BRIDGING_HEADER = "sensors/sensors-Bridging-Header.h";
				SWIFT_SWIFT3_OBJC_INFERENCE = Default;
				SWIFT_VERSION = 5.0;
			};
			name = Release;
		};
/* End XCBuildConfiguration section */

/* Begin XCConfigurationList section */
		1A1484671D8EC5DF004A2A7F /* Build configuration list for PBXProject "sensors" */ = {
			isa = XCConfigurationList;
			buildConfigurations = (
				1A14847C1D8EC5DF004A2A7F /* Debug */,
				1A14847D1D8EC5DF004A2A7F /* Release */,
			);
			defaultConfigurationIsVisible = 0;
			defaultConfigurationName = Release;
		};
		1A14847E1D8EC5DF004A2A7F /* Build configuration list for PBXNativeTarget "sensors" */ = {
			isa = XCConfigurationList;
			buildConfigurations = (
				1A14847F1D8EC5DF004A2A7F /* Debug */,
				1A1484801D8EC5DF004A2A7F /* Release */,
			);
			defaultConfigurationIsVisible = 0;
			defaultConfigurationName = Release;
		};
/* End XCConfigurationList section */
	};
	rootObject = 1A1484641D8EC5DF004A2A7F /* Project object */;
}
